// !$*UTF8*$!
{
	archiveVersion = 1;
	classes = {
	};
	objectVersion = 56;
	objects = {

/* Begin PBXBuildFile section */
		F4A7F0122D91E79D00DB82EB /* AppDelegate.swift in Sources */ = {isa = PBXBuildFile; fileRef = F4A7F0112D91E79D00DB82EB /* AppDelegate.swift */; };
		F4A7F0142D91E79D00DB82EB /* SceneDelegate.swift in Sources */ = {isa = PBXBuildFile; fileRef = F4A7F0132D91E79D00DB82EB /* SceneDelegate.swift */; };
		F4A7F0192D91E79D00DB82EB /* Main.storyboard in Resources */ = {isa = PBXBuildFile; fileRef = F4A7F0172D91E79D00DB82EB /* Main.storyboard */; };
		F4A7F01B2D91E7A000DB82EB /* Assets.xcassets in Resources */ = {isa = PBXBuildFile; fileRef = F4A7F01A2D91E7A000DB82EB /* Assets.xcassets */; };
		F4A7F01E2D91E7A000DB82EB /* LaunchScreen.storyboard in Resources */ = {isa = PBXBuildFile; fileRef = F4A7F01C2D91E7A000DB82EB /* LaunchScreen.storyboard */; };
		F4A7F02A2D91F3BE00DB82EB /* HomeVC.swift in Sources */ = {isa = PBXBuildFile; fileRef = F4A7F0292D91F3BE00DB82EB /* HomeVC.swift */; };
		F4A7F02C2D91F4D300DB82EB /* ResultVC.swift in Sources */ = {isa = PBXBuildFile; fileRef = F4A7F02B2D91F4D300DB82EB /* ResultVC.swift */; };
		F4A7F02E2D91F54E00DB82EB /* Brain.swift in Sources */ = {isa = PBXBuildFile; fileRef = F4A7F02D2D91F54D00DB82EB /* Brain.swift */; };
/* End PBXBuildFile section */

/* Begin PBXFileReference section */
		F4A7F00E2D91E79D00DB82EB /* BMI-Calculator.app */ = {isa = PBXFileReference; explicitFileType = wrapper.application; includeInIndex = 0; path = "BMI-Calculator.app"; sourceTree = BUILT_PRODUCTS_DIR; };
		F4A7F0112D91E79D00DB82EB /* AppDelegate.swift */ = {isa = PBXFileReference; lastKnownFileType = sourcecode.swift; path = AppDelegate.swift; sourceTree = "<group>"; };
		F4A7F0132D91E79D00DB82EB /* SceneDelegate.swift */ = {isa = PBXFileReference; lastKnownFileType = sourcecode.swift; path = SceneDelegate.swift; sourceTree = "<group>"; };
		F4A7F0182D91E79D00DB82EB /* Base */ = {isa = PBXFileReference; lastKnownFileType = file.storyboard; name = Base; path = Base.lproj/Main.storyboard; sourceTree = "<group>"; };
		F4A7F01A2D91E7A000DB82EB /* Assets.xcassets */ = {isa = PBXFileReference; lastKnownFileType = folder.assetcatalog; path = Assets.xcassets; sourceTree = "<group>"; };
		F4A7F01D2D91E7A000DB82EB /* Base */ = {isa = PBXFileReference; lastKnownFileType = file.storyboard; name = Base; path = Base.lproj/LaunchScreen.storyboard; sourceTree = "<group>"; };
		F4A7F01F2D91E7A000DB82EB /* Info.plist */ = {isa = PBXFileReference; lastKnownFileType = text.plist.xml; path = Info.plist; sourceTree = "<group>"; };
		F4A7F0292D91F3BE00DB82EB /* HomeVC.swift */ = {isa = PBXFileReference; lastKnownFileType = sourcecode.swift; path = HomeVC.swift; sourceTree = "<group>"; };
		F4A7F02B2D91F4D300DB82EB /* ResultVC.swift */ = {isa = PBXFileReference; lastKnownFileType = sourcecode.swift; path = ResultVC.swift; sourceTree = "<group>"; };
		F4A7F02D2D91F54D00DB82EB /* Brain.swift */ = {isa = PBXFileReference; lastKnownFileType = sourcecode.swift; path = Brain.swift; sourceTree = "<group>"; };
/* End PBXFileReference section */

/* Begin PBXFrameworksBuildPhase section */
		F4A7F00B2D91E79D00DB82EB /* Frameworks */ = {
			isa = PBXFrameworksBuildPhase;
			buildActionMask = 2147483647;
			files = (
			);
			runOnlyForDeploymentPostprocessing = 0;
		};
/* End PBXFrameworksBuildPhase section */

/* Begin PBXGroup section */
		F4A7F0052D91E79C00DB82EB = {
			isa = PBXGroup;
			children = (
				F4A7F0102D91E79D00DB82EB /* BMI-Calculator */,
				F4A7F00F2D91E79D00DB82EB /* Products */,
			);
			sourceTree = "<group>";
		};
		F4A7F00F2D91E79D00DB82EB /* Products */ = {
			isa = PBXGroup;
			children = (
				F4A7F00E2D91E79D00DB82EB /* BMI-Calculator.app */,
			);
			name = Products;
			sourceTree = "<group>";
		};
		F4A7F0102D91E79D00DB82EB /* BMI-Calculator */ = {
			isa = PBXGroup;
			children = (
				F4A7F0262D91EDEE00DB82EB /* Source */,
				F4A7F0282D91EE1200DB82EB /* Model */,
				F4A7F0272D91EDFA00DB82EB /* View */,
				F4A7F0252D91EDE400DB82EB /* Controller */,
				F4A7F01F2D91E7A000DB82EB /* Info.plist */,
			);
			path = "BMI-Calculator";
			sourceTree = "<group>";
		};
		F4A7F0252D91EDE400DB82EB /* Controller */ = {
			isa = PBXGroup;
			children = (
				F4A7F0292D91F3BE00DB82EB /* HomeVC.swift */,
				F4A7F02B2D91F4D300DB82EB /* ResultVC.swift */,
			);
			path = Controller;
			sourceTree = "<group>";
		};
		F4A7F0262D91EDEE00DB82EB /* Source */ = {
			isa = PBXGroup;
			children = (
				F4A7F0112D91E79D00DB82EB /* AppDelegate.swift */,
				F4A7F0132D91E79D00DB82EB /* SceneDelegate.swift */,
			);
			path = Source;
			sourceTree = "<group>";
		};
		F4A7F0272D91EDFA00DB82EB /* View */ = {
			isa = PBXGroup;
			children = (
				F4A7F0172D91E79D00DB82EB /* Main.storyboard */,
				F4A7F01A2D91E7A000DB82EB /* Assets.xcassets */,
				F4A7F01C2D91E7A000DB82EB /* LaunchScreen.storyboard */,
			);
			path = View;
			sourceTree = "<group>";
		};
		F4A7F0282D91EE1200DB82EB /* Model */ = {
			isa = PBXGroup;
			children = (
				F4A7F02D2D91F54D00DB82EB /* Brain.swift */,
			);
			path = Model;
			sourceTree = "<group>";
		};
/* End PBXGroup section */

/* Begin PBXNativeTarget section */
		F4A7F00D2D91E79D00DB82EB /* BMI-Calculator */ = {
			isa = PBXNativeTarget;
			buildConfigurationList = F4A7F0222D91E7A000DB82EB /* Build configuration list for PBXNativeTarget "BMI-Calculator" */;
			buildPhases = (
				F4A7F00A2D91E79D00DB82EB /* Sources */,
				F4A7F00B2D91E79D00DB82EB /* Frameworks */,
				F4A7F00C2D91E79D00DB82EB /* Resources */,
			);
			buildRules = (
			);
			dependencies = (
			);
			name = "BMI-Calculator";
			productName = "BMI-Calculator";
			productReference = F4A7F00E2D91E79D00DB82EB /* BMI-Calculator.app */;
			productType = "com.apple.product-type.application";
		};
/* End PBXNativeTarget section */

/* Begin PBXProject section */
		F4A7F0062D91E79C00DB82EB /* Project object */ = {
			isa = PBXProject;
			attributes = {
				BuildIndependentTargetsInParallel = 1;
				LastSwiftUpdateCheck = 1420;
				LastUpgradeCheck = 1420;
				TargetAttributes = {
					F4A7F00D2D91E79D00DB82EB = {
						CreatedOnToolsVersion = 14.2;
					};
				};
			};
			buildConfigurationList = F4A7F0092D91E79C00DB82EB /* Build configuration list for PBXProject "BMI-Calculator" */;
			compatibilityVersion = "Xcode 14.0";
			developmentRegion = en;
			hasScannedForEncodings = 0;
			knownRegions = (
				en,
				Base,
			);
			mainGroup = F4A7F0052D91E79C00DB82EB;
			productRefGroup = F4A7F00F2D91E79D00DB82EB /* Products */;
			projectDirPath = "";
			projectRoot = "";
			targets = (
				F4A7F00D2D91E79D00DB82EB /* BMI-Calculator */,
			);
		};
/* End PBXProject section */

/* Begin PBXResourcesBuildPhase section */
		F4A7F00C2D91E79D00DB82EB /* Resources */ = {
			isa = PBXResourcesBuildPhase;
			buildActionMask = 2147483647;
			files = (
				F4A7F01E2D91E7A000DB82EB /* LaunchScreen.storyboard in Resources */,
				F4A7F01B2D91E7A000DB82EB /* Assets.xcassets in Resources */,
				F4A7F0192D91E79D00DB82EB /* Main.storyboard in Resources */,
			);
			runOnlyForDeploymentPostprocessing = 0;
		};
/* End PBXResourcesBuildPhase section */

/* Begin PBXSourcesBuildPhase section */
		F4A7F00A2D91E79D00DB82EB /* Sources */ = {
			isa = PBXSourcesBuildPhase;
			buildActionMask = 2147483647;
			files = (
				F4A7F02A2D91F3BE00DB82EB /* HomeVC.swift in Sources */,
				F4A7F02C2D91F4D300DB82EB /* ResultVC.swift in Sources */,
				F4A7F0122D91E79D00DB82EB /* AppDelegate.swift in Sources */,
				F4A7F02E2D91F54E00DB82EB /* Brain.swift in Sources */,
				F4A7F0142D91E79D00DB82EB /* SceneDelegate.swift in Sources */,
			);
			runOnlyForDeploymentPostprocessing = 0;
		};
/* End PBXSourcesBuildPhase section */

/* Begin PBXVariantGroup section */
		F4A7F0172D91E79D00DB82EB /* Main.storyboard */ = {
			isa = PBXVariantGroup;
			children = (
				F4A7F0182D91E79D00DB82EB /* Base */,
			);
			name = Main.storyboard;
			sourceTree = "<group>";
		};
		F4A7F01C2D91E7A000DB82EB /* LaunchScreen.storyboard */ = {
			isa = PBXVariantGroup;
			children = (
				F4A7F01D2D91E7A000DB82EB /* Base */,
			);
			name = LaunchScreen.storyboard;
			sourceTree = "<group>";
		};
/* End PBXVariantGroup section */

/* Begin XCBuildConfiguration section */
		F4A7F0202D91E7A000DB82EB /* Debug */ = {
			isa = XCBuildConfiguration;
			buildSettings = {
				ALWAYS_SEARCH_USER_PATHS = NO;
				CLANG_ANALYZER_NONNULL = YES;
				CLANG_ANALYZER_NUMBER_OBJECT_CONVERSION = YES_AGGRESSIVE;
				CLANG_CXX_LANGUAGE_STANDARD = "gnu++20";
				CLANG_ENABLE_MODULES = YES;
				CLANG_ENABLE_OBJC_ARC = YES;
				CLANG_ENABLE_OBJC_WEAK = YES;
				CLANG_WARN_BLOCK_CAPTURE_AUTORELEASING = YES;
				CLANG_WARN_BOOL_CONVERSION = YES;
				CLANG_WARN_COMMA = YES;
				CLANG_WARN_CONSTANT_CONVERSION = YES;
				CLANG_WARN_DEPRECATED_OBJC_IMPLEMENTATIONS = YES;
				CLANG_WARN_DIRECT_OBJC_ISA_USAGE = YES_ERROR;
				CLANG_WARN_DOCUMENTATION_COMMENTS = YES;
				CLANG_WARN_EMPTY_BODY = YES;
				CLANG_WARN_ENUM_CONVERSION = YES;
				CLANG_WARN_INFINITE_RECURSION = YES;
				CLANG_WARN_INT_CONVERSION = YES;
				CLANG_WARN_NON_LITERAL_NULL_CONVERSION = YES;
				CLANG_WARN_OBJC_IMPLICIT_RETAIN_SELF = YES;
				CLANG_WARN_OBJC_LITERAL_CONVERSION = YES;
				CLANG_WARN_OBJC_ROOT_CLASS = YES_ERROR;
				CLANG_WARN_QUOTED_INCLUDE_IN_FRAMEWORK_HEADER = YES;
				CLANG_WARN_RANGE_LOOP_ANALYSIS = YES;
				CLANG_WARN_STRICT_PROTOTYPES = YES;
				CLANG_WARN_SUSPICIOUS_MOVE = YES;
				CLANG_WARN_UNGUARDED_AVAILABILITY = YES_AGGRESSIVE;
				CLANG_WARN_UNREACHABLE_CODE = YES;
				CLANG_WARN__DUPLICATE_METHOD_MATCH = YES;
				COPY_PHASE_STRIP = NO;
				DEBUG_INFORMATION_FORMAT = dwarf;
				ENABLE_STRICT_OBJC_MSGSEND = YES;
				ENABLE_TESTABILITY = YES;
				GCC_C_LANGUAGE_STANDARD = gnu11;
				GCC_DYNAMIC_NO_PIC = NO;
				GCC_NO_COMMON_BLOCKS = YES;
				GCC_OPTIMIZATION_LEVEL = 0;
				GCC_PREPROCESSOR_DEFINITIONS = (
					"DEBUG=1",
					"$(inherited)",
				);
				GCC_WARN_64_TO_32_BIT_CONVERSION = YES;
				GCC_WARN_ABOUT_RETURN_TYPE = YES_ERROR;
				GCC_WARN_UNDECLARED_SELECTOR = YES;
				GCC_WARN_UNINITIALIZED_AUTOS = YES_AGGRESSIVE;
				GCC_WARN_UNUSED_FUNCTION = YES;
				GCC_WARN_UNUSED_VARIABLE = YES;
				IPHONEOS_DEPLOYMENT_TARGET = 16.2;
				MTL_ENABLE_DEBUG_INFO = INCLUDE_SOURCE;
				MTL_FAST_MATH = YES;
				ONLY_ACTIVE_ARCH = YES;
				SDKROOT = iphoneos;
				SWIFT_ACTIVE_COMPILATION_CONDITIONS = DEBUG;
				SWIFT_OPTIMIZATION_LEVEL = "-Onone";
			};
			name = Debug;
		};
		F4A7F0212D91E7A000DB82EB /* Release */ = {
			isa = XCBuildConfiguration;
			buildSettings = {
				ALWAYS_SEARCH_USER_PATHS = NO;
				CLANG_ANALYZER_NONNULL = YES;
				CLANG_ANALYZER_NUMBER_OBJECT_CONVERSION = YES_AGGRESSIVE;
				CLANG_CXX_LANGUAGE_STANDARD = "gnu++20";
				CLANG_ENABLE_MODULES = YES;
				CLANG_ENABLE_OBJC_ARC = YES;
				CLANG_ENABLE_OBJC_WEAK = YES;
				CLANG_WARN_BLOCK_CAPTURE_AUTORELEASING = YES;
				CLANG_WARN_BOOL_CONVERSION = YES;
				CLANG_WARN_COMMA = YES;
				CLANG_WARN_CONSTANT_CONVERSION = YES;
				CLANG_WARN_DEPRECATED_OBJC_IMPLEMENTATIONS = YES;
				CLANG_WARN_DIRECT_OBJC_ISA_USAGE = YES_ERROR;
				CLANG_WARN_DOCUMENTATION_COMMENTS = YES;
				CLANG_WARN_EMPTY_BODY = YES;
				CLANG_WARN_ENUM_CONVERSION = YES;
				CLANG_WARN_INFINITE_RECURSION = YES;
				CLANG_WARN_INT_CONVERSION = YES;
				CLANG_WARN_NON_LITERAL_NULL_CONVERSION = YES;
				CLANG_WARN_OBJC_IMPLICIT_RETAIN_SELF = YES;
				CLANG_WARN_OBJC_LITERAL_CONVERSION = YES;
				CLANG_WARN_OBJC_ROOT_CLASS = YES_ERROR;
				CLANG_WARN_QUOTED_INCLUDE_IN_FRAMEWORK_HEADER = YES;
				CLANG_WARN_RANGE_LOOP_ANALYSIS = YES;
				CLANG_WARN_STRICT_PROTOTYPES = YES;
				CLANG_WARN_SUSPICIOUS_MOVE = YES;
				CLANG_WARN_UNGUARDED_AVAILABILITY = YES_AGGRESSIVE;
				CLANG_WARN_UNREACHABLE_CODE = YES;
				CLANG_WARN__DUPLICATE_METHOD_MATCH = YES;
				COPY_PHASE_STRIP = NO;
				DEBUG_INFORMATION_FORMAT = "dwarf-with-dsym";
				ENABLE_NS_ASSERTIONS = NO;
				ENABLE_STRICT_OBJC_MSGSEND = YES;
				GCC_C_LANGUAGE_STANDARD = gnu11;
				GCC_NO_COMMON_BLOCKS = YES;
				GCC_WARN_64_TO_32_BIT_CONVERSION = YES;
				GCC_WARN_ABOUT_RETURN_TYPE = YES_ERROR;
				GCC_WARN_UNDECLARED_SELECTOR = YES;
				GCC_WARN_UNINITIALIZED_AUTOS = YES_AGGRESSIVE;
				GCC_WARN_UNUSED_FUNCTION = YES;
				GCC_WARN_UNUSED_VARIABLE = YES;
				IPHONEOS_DEPLOYMENT_TARGET = 16.2;
				MTL_ENABLE_DEBUG_INFO = NO;
				MTL_FAST_MATH = YES;
				SDKROOT = iphoneos;
				SWIFT_COMPILATION_MODE = wholemodule;
				SWIFT_OPTIMIZATION_LEVEL = "-O";
				VALIDATE_PRODUCT = YES;
			};
			name = Release;
		};
		F4A7F0232D91E7A000DB82EB /* Debug */ = {
			isa = XCBuildConfiguration;
			buildSettings = {
				ASSETCATALOG_COMPILER_APPICON_NAME = AppIcon;
				ASSETCATALOG_COMPILER_GLOBAL_ACCENT_COLOR_NAME = AccentColor;
				CODE_SIGN_STYLE = Automatic;
				CURRENT_PROJECT_VERSION = 1;
				DEVELOPMENT_TEAM = 3K677TQ5Z9;
				GENERATE_INFOPLIST_FILE = YES;
				INFOPLIST_FILE = "BMI-Calculator/Info.plist";
				INFOPLIST_KEY_UIApplicationSupportsIndirectInputEvents = YES;
				INFOPLIST_KEY_UILaunchStoryboardName = LaunchScreen;
				INFOPLIST_KEY_UIMainStoryboardFile = Main;
				INFOPLIST_KEY_UISupportedInterfaceOrientations_iPad = "UIInterfaceOrientationPortrait UIInterfaceOrientationPortraitUpsideDown UIInterfaceOrientationLandscapeLeft UIInterfaceOrientationLandscapeRight";
				INFOPLIST_KEY_UISupportedInterfaceOrientations_iPhone = "UIInterfaceOrientationPortrait UIInterfaceOrientationLandscapeLeft UIInterfaceOrientationLandscapeRight";
				LD_RUNPATH_SEARCH_PATHS = (
					"$(inherited)",
					"@executable_path/Frameworks",
				);
				MARKETING_VERSION = 1.0;
				PRODUCT_BUNDLE_IDENTIFIER = "Marwan.cam.BMI-Calculator";
				PRODUCT_NAME = "$(TARGET_NAME)";
				SWIFT_EMIT_LOC_STRINGS = YES;
				SWIFT_VERSION = 5.0;
				TARGETED_DEVICE_FAMILY = "1,2";
			};
			name = Debug;
		};
		F4A7F0242D91E7A000DB82EB /* Release */ = {
			isa = XCBuildConfiguration;
			buildSettings = {
				ASSETCATALOG_COMPILER_APPICON_NAME = AppIcon;
				ASSETCATALOG_COMPILER_GLOBAL_ACCENT_COLOR_NAME = AccentColor;
				CODE_SIGN_STYLE = Automatic;
				CURRENT_PROJECT_VERSION = 1;
				DEVELOPMENT_TEAM = 3K677TQ5Z9;
				GENERATE_INFOPLIST_FILE = YES;
				INFOPLIST_FILE = "BMI-Calculator/Info.plist";
				INFOPLIST_KEY_UIApplicationSupportsIndirectInputEvents = YES;
				INFOPLIST_KEY_UILaunchStoryboardName = LaunchScreen;
				INFOPLIST_KEY_UIMainStoryboardFile = Main;
				INFOPLIST_KEY_UISupportedInterfaceOrientations_iPad = "UIInterfaceOrientationPortrait UIInterfaceOrientationPortraitUpsideDown UIInterfaceOrientationLandscapeLeft UIInterfaceOrientationLandscapeRight";
				INFOPLIST_KEY_UISupportedInterfaceOrientations_iPhone = "UIInterfaceOrientationPortrait UIInterfaceOrientationLandscapeLeft UIInterfaceOrientationLandscapeRight";
				LD_RUNPATH_SEARCH_PATHS = (
					"$(inherited)",
					"@executable_path/Frameworks",
				);
				MARKETING_VERSION = 1.0;
				PRODUCT_BUNDLE_IDENTIFIER = "Marwan.cam.BMI-Calculator";
				PRODUCT_NAME = "$(TARGET_NAME)";
				SWIFT_EMIT_LOC_STRINGS = YES;
				SWIFT_VERSION = 5.0;
				TARGETED_DEVICE_FAMILY = "1,2";
			};
			name = Release;
		};
/* End XCBuildConfiguration section */

/* Begin XCConfigurationList section */
		F4A7F0092D91E79C00DB82EB /* Build configuration list for PBXProject "BMI-Calculator" */ = {
			isa = XCConfigurationList;
			buildConfigurations = (
				F4A7F0202D91E7A000DB82EB /* Debug */,
				F4A7F0212D91E7A000DB82EB /* Release */,
			);
			defaultConfigurationIsVisible = 0;
			defaultConfigurationName = Release;
		};
		F4A7F0222D91E7A000DB82EB /* Build configuration list for PBXNativeTarget "BMI-Calculator" */ = {
			isa = XCConfigurationList;
			buildConfigurations = (
				F4A7F0232D91E7A000DB82EB /* Debug */,
				F4A7F0242D91E7A000DB82EB /* Release */,
			);
			defaultConfigurationIsVisible = 0;
			defaultConfigurationName = Release;
		};
/* End XCConfigurationList section */
	};
	rootObject = F4A7F0062D91E79C00DB82EB /* Project object */;
}
